
Microsoft Visual Studio Solution File, Format Version 12.00
# Visual Studio 2012
Project("{FAE04EC0-301F-11D3-BF4B-00C04F79EFBC}") = "MetricsNet", "MetricsNet\MetricsNet.csproj", "{A6E65FF5-17A6-4A41-B092-39FD553B0E62}"
EndProject
Project("{FAE04EC0-301F-11D3-BF4B-00C04F79EFBC}") = "MetricsNet.Tests", "MetricsNet.Tests\MetricsNet.Tests.csproj", "{2B5B23C6-8AFD-45DA-BED5-06D40228EBBE}"
EndProject
Global
	GlobalSection(SolutionConfigurationPlatforms) = preSolution
		Debug|Any CPU = Debug|Any CPU
		Release|Any CPU = Release|Any CPU
	EndGlobalSection
	GlobalSection(ProjectConfigurationPlatforms) = postSolution
		{A6E65FF5-17A6-4A41-B092-39FD553B0E62}.Debug|Any CPU.ActiveCfg = Debug|Any CPU
		{A6E65FF5-17A6-4A41-B092-39FD553B0E62}.Debug|Any CPU.Build.0 = Debug|Any CPU
		{A6E65FF5-17A6-4A41-B092-39FD553B0E62}.Release|Any CPU.ActiveCfg = Release|Any CPU
		{A6E65FF5-17A6-4A41-B092-39FD553B0E62}.Release|Any CPU.Build.0 = Release|Any CPU
		{2B5B23C6-8AFD-45DA-BED5-06D40228EBBE}.Debug|Any CPU.ActiveCfg = Debug|Any CPU
		{2B5B23C6-8AFD-45DA-BED5-06D40228EBBE}.Debug|Any CPU.Build.0 = Debug|Any CPU
		{2B5B23C6-8AFD-45DA-BED5-06D40228EBBE}.Release|Any CPU.ActiveCfg = Release|Any CPU
		{2B5B23C6-8AFD-45DA-BED5-06D40228EBBE}.Release|Any CPU.Build.0 = Release|Any CPU
	EndGlobalSection
	GlobalSection(SolutionProperties) = preSolution
		HideSolutionNode = FALSE
	EndGlobalSection
EndGlobal
